
Microsoft Visual Studio Solution File, Format Version 12.00
# Visual Studio Version 17
VisualStudioVersion = 17.5.002.0
MinimumVisualStudioVersion = 10.0.40219.1
Project("{9A19103F-16F7-4668-BE54-9A1E7A4F7556}") = "SalesWebMvc", "SalesWebMvc.csproj", "{AF935C72-EBC8-46B3-B7C4-AA8DBB32280D}"
EndProject
Global
	GlobalSection(SolutionConfigurationPlatforms) = preSolution
		Debug|Any CPU = Debug|Any CPU
		Release|Any CPU = Release|Any CPU
	EndGlobalSection
	GlobalSection(ProjectConfigurationPlatforms) = postSolution
		{AF935C72-EBC8-46B3-B7C4-AA8DBB32280D}.Debug|Any CPU.ActiveCfg = Debug|Any CPU
		{AF935C72-EBC8-46B3-B7C4-AA8DBB32280D}.Debug|Any CPU.Build.0 = Debug|Any CPU
		{AF935C72-EBC8-46B3-B7C4-AA8DBB32280D}.Release|Any CPU.ActiveCfg = Release|Any CPU
		{AF935C72-EBC8-46B3-B7C4-AA8DBB32280D}.Release|Any CPU.Build.0 = Release|Any CPU
	EndGlobalSection
	GlobalSection(SolutionProperties) = preSolution
		HideSolutionNode = FALSE
	EndGlobalSection
	GlobalSection(ExtensibilityGlobals) = postSolution
		SolutionGuid = {AC48E59B-38E0-42B1-8109-FBFA9012ECED}
	EndGlobalSection
EndGlobal
